
Microsoft Visual Studio Solution File, Format Version 12.00
# Visual Studio Version 17
VisualStudioVersion = 17.0.32014.148
MinimumVisualStudioVersion = 10.0.40219.1
Project("{9A19103F-16F7-4668-BE54-9A1E7A4F7556}") = "Newsy_API", "Newsy_API\Newsy_API.csproj", "{D3477ADE-A4C1-4E19-A360-213E55BB26A8}"
EndProject
Project("{FAE04EC0-301F-11D3-BF4B-00C04F79EFBC}") = "Newsy_API.Model", "Newsy_API.Model\Newsy_API.Model.csproj", "{78FA1F34-F9C0-449E-931F-87B835853FEA}"
EndProject
Project("{FAE04EC0-301F-11D3-BF4B-00C04F79EFBC}") = "Newsy_API.AuthenticationModel", "Newsy_API.AuthenticationModel\Newsy_API.AuthenticationModel.csproj", "{B300A17B-C2A4-4579-A51F-6DC33223DF29}"
EndProject
Global
	GlobalSection(SolutionConfigurationPlatforms) = preSolution
		Debug|Any CPU = Debug|Any CPU
		Release|Any CPU = Release|Any CPU
	EndGlobalSection
	GlobalSection(ProjectConfigurationPlatforms) = postSolution
		{D3477ADE-A4C1-4E19-A360-213E55BB26A8}.Debug|Any CPU.ActiveCfg = Debug|Any CPU
		{D3477ADE-A4C1-4E19-A360-213E55BB26A8}.Debug|Any CPU.Build.0 = Debug|Any CPU
		{D3477ADE-A4C1-4E19-A360-213E55BB26A8}.Release|Any CPU.ActiveCfg = Release|Any CPU
		{D3477ADE-A4C1-4E19-A360-213E55BB26A8}.Release|Any CPU.Build.0 = Release|Any CPU
		{78FA1F34-F9C0-449E-931F-87B835853FEA}.Debug|Any CPU.ActiveCfg = Debug|Any CPU
		{78FA1F34-F9C0-449E-931F-87B835853FEA}.Debug|Any CPU.Build.0 = Debug|Any CPU
		{78FA1F34-F9C0-449E-931F-87B835853FEA}.Release|Any CPU.ActiveCfg = Release|Any CPU
		{78FA1F34-F9C0-449E-931F-87B835853FEA}.Release|Any CPU.Build.0 = Release|Any CPU
		{B300A17B-C2A4-4579-A51F-6DC33223DF29}.Debug|Any CPU.ActiveCfg = Debug|Any CPU
		{B300A17B-C2A4-4579-A51F-6DC33223DF29}.Debug|Any CPU.Build.0 = Debug|Any CPU
		{B300A17B-C2A4-4579-A51F-6DC33223DF29}.Release|Any CPU.ActiveCfg = Release|Any CPU
		{B300A17B-C2A4-4579-A51F-6DC33223DF29}.Release|Any CPU.Build.0 = Release|Any CPU
	EndGlobalSection
	GlobalSection(SolutionProperties) = preSolution
		HideSolutionNode = FALSE
	EndGlobalSection
	GlobalSection(ExtensibilityGlobals) = postSolution
		SolutionGuid = {79802B62-5188-41F8-86DD-C9ADE9F4E5B0}
	EndGlobalSection
EndGlobal
